
Microsoft Visual Studio Solution File, Format Version 12.00
# Visual Studio Version 17
VisualStudioVersion = 17.0.31423.177
MinimumVisualStudioVersion = 10.0.40219.1
Project("{9A19103F-16F7-4668-BE54-9A1E7A4F7556}") = "CleanArchMvc.Domain", "CleanArchMvc.Domain\CleanArchMvc.Domain.csproj", "{DCD6AC26-31E1-43E5-945A-71A0B7EA295B}"
EndProject
Project("{9A19103F-16F7-4668-BE54-9A1E7A4F7556}") = "CleanArchMvc.Application", "CleanArchMvc.Application\CleanArchMvc.Application.csproj", "{D9CD45CC-5104-41CD-B660-D3E36649E109}"
EndProject
Project("{9A19103F-16F7-4668-BE54-9A1E7A4F7556}") = "CleanArchMvc.Infra.Data", "CleanArchMvc.Infra.Data\CleanArchMvc.Infra.Data.csproj", "{59710699-6B54-4C1E-8C71-E9F1741E1749}"
EndProject
Project("{9A19103F-16F7-4668-BE54-9A1E7A4F7556}") = "CleanArchMvc.Infra.IoC", "CleanArchMvc.Infra.IoC\CleanArchMvc.Infra.IoC.csproj", "{6265CA6A-49AD-471C-8B25-C2F4EEB6CBE6}"
EndProject
Project("{9A19103F-16F7-4668-BE54-9A1E7A4F7556}") = "CleanArchMvc.WebUi", "CleanArchMvc.WebUi\CleanArchMvc.WebUi.csproj", "{DD474E22-D362-4998-AC3B-57866DCD8EF5}"
EndProject
Project("{9A19103F-16F7-4668-BE54-9A1E7A4F7556}") = "CleanArchMvc.Domain.Tests", "CleanArchMvc.Domain.Tests\CleanArchMvc.Domain.Tests.csproj", "{DA6C1DAB-DDAF-44CF-8CAE-EFB410ECA9D2}"
EndProject
Project("{FAE04EC0-301F-11D3-BF4B-00C04F79EFBC}") = "CleanArchMvc.API", "CleanArchMvc.API\CleanArchMvc.API.csproj", "{2A9D7334-3F27-4BBD-8A8E-08C64EABA446}"
EndProject
Global
	GlobalSection(SolutionConfigurationPlatforms) = preSolution
		Debug|Any CPU = Debug|Any CPU
		Release|Any CPU = Release|Any CPU
	EndGlobalSection
	GlobalSection(ProjectConfigurationPlatforms) = postSolution
		{DCD6AC26-31E1-43E5-945A-71A0B7EA295B}.Debug|Any CPU.ActiveCfg = Debug|Any CPU
		{DCD6AC26-31E1-43E5-945A-71A0B7EA295B}.Debug|Any CPU.Build.0 = Debug|Any CPU
		{DCD6AC26-31E1-43E5-945A-71A0B7EA295B}.Release|Any CPU.ActiveCfg = Release|Any CPU
		{DCD6AC26-31E1-43E5-945A-71A0B7EA295B}.Release|Any CPU.Build.0 = Release|Any CPU
		{D9CD45CC-5104-41CD-B660-D3E36649E109}.Debug|Any CPU.ActiveCfg = Debug|Any CPU
		{D9CD45CC-5104-41CD-B660-D3E36649E109}.Debug|Any CPU.Build.0 = Debug|Any CPU
		{D9CD45CC-5104-41CD-B660-D3E36649E109}.Release|Any CPU.ActiveCfg = Release|Any CPU
		{D9CD45CC-5104-41CD-B660-D3E36649E109}.Release|Any CPU.Build.0 = Release|Any CPU
		{59710699-6B54-4C1E-8C71-E9F1741E1749}.Debug|Any CPU.ActiveCfg = Debug|Any CPU
		{59710699-6B54-4C1E-8C71-E9F1741E1749}.Debug|Any CPU.Build.0 = Debug|Any CPU
		{59710699-6B54-4C1E-8C71-E9F1741E1749}.Release|Any CPU.ActiveCfg = Release|Any CPU
		{59710699-6B54-4C1E-8C71-E9F1741E1749}.Release|Any CPU.Build.0 = Release|Any CPU
		{6265CA6A-49AD-471C-8B25-C2F4EEB6CBE6}.Debug|Any CPU.ActiveCfg = Debug|Any CPU
		{6265CA6A-49AD-471C-8B25-C2F4EEB6CBE6}.Debug|Any CPU.Build.0 = Debug|Any CPU
		{6265CA6A-49AD-471C-8B25-C2F4EEB6CBE6}.Release|Any CPU.ActiveCfg = Release|Any CPU
		{6265CA6A-49AD-471C-8B25-C2F4EEB6CBE6}.Release|Any CPU.Build.0 = Release|Any CPU
		{DD474E22-D362-4998-AC3B-57866DCD8EF5}.Debug|Any CPU.ActiveCfg = Debug|Any CPU
		{DD474E22-D362-4998-AC3B-57866DCD8EF5}.Debug|Any CPU.Build.0 = Debug|Any CPU
		{DD474E22-D362-4998-AC3B-57866DCD8EF5}.Release|Any CPU.ActiveCfg = Release|Any CPU
		{DD474E22-D362-4998-AC3B-57866DCD8EF5}.Release|Any CPU.Build.0 = Release|Any CPU
		{DA6C1DAB-DDAF-44CF-8CAE-EFB410ECA9D2}.Debug|Any CPU.ActiveCfg = Debug|Any CPU
		{DA6C1DAB-DDAF-44CF-8CAE-EFB410ECA9D2}.Debug|Any CPU.Build.0 = Debug|Any CPU
		{DA6C1DAB-DDAF-44CF-8CAE-EFB410ECA9D2}.Release|Any CPU.ActiveCfg = Release|Any CPU
		{DA6C1DAB-DDAF-44CF-8CAE-EFB410ECA9D2}.Release|Any CPU.Build.0 = Release|Any CPU
		{2A9D7334-3F27-4BBD-8A8E-08C64EABA446}.Debug|Any CPU.ActiveCfg = Debug|Any CPU
		{2A9D7334-3F27-4BBD-8A8E-08C64EABA446}.Debug|Any CPU.Build.0 = Debug|Any CPU
		{2A9D7334-3F27-4BBD-8A8E-08C64EABA446}.Release|Any CPU.ActiveCfg = Release|Any CPU
		{2A9D7334-3F27-4BBD-8A8E-08C64EABA446}.Release|Any CPU.Build.0 = Release|Any CPU
	EndGlobalSection
	GlobalSection(SolutionProperties) = preSolution
		HideSolutionNode = FALSE
	EndGlobalSection
	GlobalSection(ExtensibilityGlobals) = postSolution
		SolutionGuid = {98E9BAAA-346B-4BCC-8699-2227458DC68B}
	EndGlobalSection
EndGlobal
